
Microsoft Visual Studio Solution File, Format Version 12.00
# Visual Studio 14
VisualStudioVersion = 14.0.25420.1
MinimumVisualStudioVersion = 10.0.40219.1
Project("{FAE04EC0-301F-11D3-BF4B-00C04F79EFBC}") = "ProjectAandB", "WindowsFormsApplication1\ProjectAandB.csproj", "{FCC4F80F-8B68-4AE9-B42E-35ED91EA8AA9}"
EndProject
Project("{FAE04EC0-301F-11D3-BF4B-00C04F79EFBC}") = "ProjectAandBTests", "ProjectAandBTests\ProjectAandBTests.csproj", "{D7282DF7-63D0-4BD0-912A-FF00C48CDE7D}"
EndProject
Global
	GlobalSection(SolutionConfigurationPlatforms) = preSolution
		Debug|Any CPU = Debug|Any CPU
		Release|Any CPU = Release|Any CPU
	EndGlobalSection
	GlobalSection(ProjectConfigurationPlatforms) = postSolution
		{FCC4F80F-8B68-4AE9-B42E-35ED91EA8AA9}.Debug|Any CPU.ActiveCfg = Debug|Any CPU
		{FCC4F80F-8B68-4AE9-B42E-35ED91EA8AA9}.Debug|Any CPU.Build.0 = Debug|Any CPU
		{FCC4F80F-8B68-4AE9-B42E-35ED91EA8AA9}.Release|Any CPU.ActiveCfg = Release|Any CPU
		{FCC4F80F-8B68-4AE9-B42E-35ED91EA8AA9}.Release|Any CPU.Build.0 = Release|Any CPU
		{D7282DF7-63D0-4BD0-912A-FF00C48CDE7D}.Debug|Any CPU.ActiveCfg = Debug|Any CPU
		{D7282DF7-63D0-4BD0-912A-FF00C48CDE7D}.Debug|Any CPU.Build.0 = Debug|Any CPU
		{D7282DF7-63D0-4BD0-912A-FF00C48CDE7D}.Release|Any CPU.ActiveCfg = Release|Any CPU
		{D7282DF7-63D0-4BD0-912A-FF00C48CDE7D}.Release|Any CPU.Build.0 = Release|Any CPU
	EndGlobalSection
	GlobalSection(SolutionProperties) = preSolution
		HideSolutionNode = FALSE
	EndGlobalSection
EndGlobal
